
Microsoft Visual Studio Solution File, Format Version 12.00
# Visual Studio Version 16
VisualStudioVersion = 16.0.31624.102
MinimumVisualStudioVersion = 10.0.40219.1
Project("{FAE04EC0-301F-11D3-BF4B-00C04F79EFBC}") = "ScoreCalculator", "ScoreCalculator.csproj", "{3DA7C357-F453-4110-A3E4-C5177AB7B0C0}"
EndProject
Global
	GlobalSection(SolutionConfigurationPlatforms) = preSolution
		Debug|Any CPU = Debug|Any CPU
		Release|Any CPU = Release|Any CPU
	EndGlobalSection
	GlobalSection(ProjectConfigurationPlatforms) = postSolution
		{3DA7C357-F453-4110-A3E4-C5177AB7B0C0}.Debug|Any CPU.ActiveCfg = Debug|Any CPU
		{3DA7C357-F453-4110-A3E4-C5177AB7B0C0}.Debug|Any CPU.Build.0 = Debug|Any CPU
		{3DA7C357-F453-4110-A3E4-C5177AB7B0C0}.Release|Any CPU.ActiveCfg = Release|Any CPU
		{3DA7C357-F453-4110-A3E4-C5177AB7B0C0}.Release|Any CPU.Build.0 = Release|Any CPU
	EndGlobalSection
	GlobalSection(SolutionProperties) = preSolution
		HideSolutionNode = FALSE
	EndGlobalSection
	GlobalSection(ExtensibilityGlobals) = postSolution
		SolutionGuid = {0BFC5E68-1721-4E75-885B-F1DD2CB53572}
	EndGlobalSection
EndGlobal
